# This file is generated by running "yarn install" inside your project.
# Manual changes might be lost - proceed with caution!

__metadata:
  version: 8
  cacheKey: 10c0

"@solana-program/system@npm:^0.8.0":
  version: 0.8.0
  resolution: "@solana-program/system@npm:0.8.0"
  peerDependencies:
    "@solana/kit": ^3.0
  checksum: 10c0/173f1dbfef4ba7c660e36a5c872c3abb22cdffb457bff85c2fb7aab56ec54bc7381cf0d709a61d85746289e08deb2ac27186fe75c1b452c8906b42f2fc15e14d
  languageName: node
  linkType: hard

"@solana/accounts@npm:3.0.3":
  version: 3.0.3
  resolution: "@solana/accounts@npm:3.0.3"
  dependencies:
    "@solana/addresses": "npm:3.0.3"
    "@solana/codecs-core": "npm:3.0.3"
    "@solana/codecs-strings": "npm:3.0.3"
    "@solana/errors": "npm:3.0.3"
    "@solana/rpc-spec": "npm:3.0.3"
    "@solana/rpc-types": "npm:3.0.3"
  peerDependencies:
    typescript: ">=5.3.3"
  checksum: 10c0/e1faa4e865741b3aa5a8479d546513f52cb80454aa6ab71f3ccc32ef214044dab684d8589d287df826bdc8240170a78284677db5bdb9d63415d249ba6ad7228b
  languageName: node
  linkType: hard

"@solana/addresses@npm:3.0.3":
  version: 3.0.3
  resolution: "@solana/addresses@npm:3.0.3"
  dependencies:
    "@solana/assertions": "npm:3.0.3"
    "@solana/codecs-core": "npm:3.0.3"
    "@solana/codecs-strings": "npm:3.0.3"
    "@solana/errors": "npm:3.0.3"
    "@solana/nominal-types": "npm:3.0.3"
  peerDependencies:
    typescript: ">=5.3.3"
  checksum: 10c0/16a0a4a5ef1d23828f0747f5a1fcd71edd9dbe4e681fc2c88888388897224f3c9b760bfd25e7f0b4cdb6f839adc9dbf3af35ce3e951a73a71b23162fddb95979
  languageName: node
  linkType: hard

"@solana/assertions@npm:3.0.3":
  version: 3.0.3
  resolution: "@solana/assertions@npm:3.0.3"
  dependencies:
    "@solana/errors": "npm:3.0.3"
  peerDependencies:
    typescript: ">=5.3.3"
  checksum: 10c0/ee3d8b6c5408d349bb44764ffc67bab2700fb4acff17ddd512bfe85fb2137b4375f9ff0cdd9aae4cebb5c8c5e2bd183d3c7213ee000eb599656064f42b5ede85
  languageName: node
  linkType: hard

"@solana/codecs-core@npm:3.0.3":
  version: 3.0.3
  resolution: "@solana/codecs-core@npm:3.0.3"
  dependencies:
    "@solana/errors": "npm:3.0.3"
  peerDependencies:
    typescript: ">=5.3.3"
  checksum: 10c0/38e3022f8408f96027050a478dfece2f4b124d35252343aa8e1b8fb155366c39439671cce27e61670221de954f772f2d3371e63c7ddb387b3ff7a1e525965c3f
  languageName: node
  linkType: hard

"@solana/codecs-data-structures@npm:3.0.3":
  version: 3.0.3
  resolution: "@solana/codecs-data-structures@npm:3.0.3"
  dependencies:
    "@solana/codecs-core": "npm:3.0.3"
    "@solana/codecs-numbers": "npm:3.0.3"
    "@solana/errors": "npm:3.0.3"
  peerDependencies:
    typescript: ">=5.3.3"
  checksum: 10c0/e4be050047deb813b99bdad5c596624df13ff9353812460c1acdc9f46fe68158ee9ebb20a4e066033b6387e52ae85f04f7cbe48f77eecaafa2e51fdd50e312b1
  languageName: node
  linkType: hard

"@solana/codecs-numbers@npm:3.0.3":
  version: 3.0.3
  resolution: "@solana/codecs-numbers@npm:3.0.3"
  dependencies:
    "@solana/codecs-core": "npm:3.0.3"
    "@solana/errors": "npm:3.0.3"
  peerDependencies:
    typescript: ">=5.3.3"
  checksum: 10c0/5c82475ee39fc78305935f9071d2dac05b64dc50991ade508359297068869ac521842a67935a7ebd8d12f1b457fc571c9bc9efedc4d6a1ba2a403ab7b11fff82
  languageName: node
  linkType: hard

"@solana/codecs-strings@npm:3.0.3":
  version: 3.0.3
  resolution: "@solana/codecs-strings@npm:3.0.3"
  dependencies:
    "@solana/codecs-core": "npm:3.0.3"
    "@solana/codecs-numbers": "npm:3.0.3"
    "@solana/errors": "npm:3.0.3"
  peerDependencies:
    fastestsmallesttextencoderdecoder: ^1.0.22
    typescript: ">=5.3.3"
  checksum: 10c0/d340f4bfdda5ba40f143c382b7009f50c621b3f973c9fa57c97b33edf473b31f39826ec7d510a6f89de2384af208c6e8993448cf7ef1fee3acedf0d29c2b4d20
  languageName: node
  linkType: hard

"@solana/codecs@npm:3.0.3":
  version: 3.0.3
  resolution: "@solana/codecs@npm:3.0.3"
  dependencies:
    "@solana/codecs-core": "npm:3.0.3"
    "@solana/codecs-data-structures": "npm:3.0.3"
    "@solana/codecs-numbers": "npm:3.0.3"
    "@solana/codecs-strings": "npm:3.0.3"
    "@solana/options": "npm:3.0.3"
  peerDependencies:
    typescript: ">=5.3.3"
  checksum: 10c0/95e19f62fd21dbfa277acce374b5507de52adbfaa6057e8a7cf15b9a50893278149e0ccbaebef007323fd2c91a7aaf5377d65dc671d669e34037a2ba5533073e
  languageName: node
  linkType: hard

"@solana/errors@npm:3.0.3":
  version: 3.0.3
  resolution: "@solana/errors@npm:3.0.3"
  dependencies:
    chalk: "npm:5.6.2"
    commander: "npm:14.0.0"
  peerDependencies:
    typescript: ">=5.3.3"
  bin:
    errors: bin/cli.mjs
  checksum: 10c0/115cf5203f67081cf01da13e0f9a7b270cbbb4ac8ddf036f6cf2532069ce5af59c2c49b50449ea03cba158078cb5402f5c93f6794512475d07d1dfb498b9aa19
  languageName: node
  linkType: hard

"@solana/fast-stable-stringify@npm:3.0.3":
  version: 3.0.3
  resolution: "@solana/fast-stable-stringify@npm:3.0.3"
  peerDependencies:
    typescript: ">=5.3.3"
  checksum: 10c0/dc3595e3cccf61fd86418ae331ca684ba59514a2af9f9f8478d3f22102dc11b91be0b7f3f04e8feaea15a02701f19f14c284611e086f83c609102d5bfd2fdb92
  languageName: node
  linkType: hard

"@solana/functional@npm:3.0.3":
  version: 3.0.3
  resolution: "@solana/functional@npm:3.0.3"
  peerDependencies:
    typescript: ">=5.3.3"
  checksum: 10c0/7876642e57e6dbb32673bd868fee61e301cdf366ccd344176c5dbd0b202911d03f47d9cd52ae144a23e41428f3aedc98ab90bd359325d5a7a519284a82b604dc
  languageName: node
  linkType: hard

"@solana/instruction-plans@npm:3.0.3":
  version: 3.0.3
  resolution: "@solana/instruction-plans@npm:3.0.3"
  dependencies:
    "@solana/errors": "npm:3.0.3"
    "@solana/instructions": "npm:3.0.3"
    "@solana/promises": "npm:3.0.3"
    "@solana/transaction-messages": "npm:3.0.3"
    "@solana/transactions": "npm:3.0.3"
  peerDependencies:
    typescript: ">=5.3.3"
  checksum: 10c0/b0e5231e0cf2eb61981db4aaf9b2dc82b1f72ed800ba16b3d8c94d089195ace73260b770d41eee66e54791359d5bb6ebd492221bb01250b78d6eb0022cbdaaa4
  languageName: node
  linkType: hard

"@solana/instructions@npm:3.0.3":
  version: 3.0.3
  resolution: "@solana/instructions@npm:3.0.3"
  dependencies:
    "@solana/codecs-core": "npm:3.0.3"
    "@solana/errors": "npm:3.0.3"
  peerDependencies:
    typescript: ">=5.3.3"
  checksum: 10c0/aa7dbca3c39742831a60e9cb3769c6ec29e21ee562305e974e735e41a7dbcad365a78932a804a0f7e9416d8431404e8823cfa0d74e513996184bf58369d833c8
  languageName: node
  linkType: hard

"@solana/keys@npm:3.0.3":
  version: 3.0.3
  resolution: "@solana/keys@npm:3.0.3"
  dependencies:
    "@solana/assertions": "npm:3.0.3"
    "@solana/codecs-core": "npm:3.0.3"
    "@solana/codecs-strings": "npm:3.0.3"
    "@solana/errors": "npm:3.0.3"
    "@solana/nominal-types": "npm:3.0.3"
  peerDependencies:
    typescript: ">=5.3.3"
  checksum: 10c0/3ab0bcc603d04e98eea0f16f6701cf299fd1fccb6b871f2052a886d4fe8ae223feab93c1f225af769458a9211904b4e6b0cbce49e0fd9281aedb8a96661c761a
  languageName: node
  linkType: hard

"@solana/kit@npm:^3.0.3":
  version: 3.0.3
  resolution: "@solana/kit@npm:3.0.3"
  dependencies:
    "@solana/accounts": "npm:3.0.3"
    "@solana/addresses": "npm:3.0.3"
    "@solana/codecs": "npm:3.0.3"
    "@solana/errors": "npm:3.0.3"
    "@solana/functional": "npm:3.0.3"
    "@solana/instruction-plans": "npm:3.0.3"
    "@solana/instructions": "npm:3.0.3"
    "@solana/keys": "npm:3.0.3"
    "@solana/programs": "npm:3.0.3"
    "@solana/rpc": "npm:3.0.3"
    "@solana/rpc-parsed-types": "npm:3.0.3"
    "@solana/rpc-spec-types": "npm:3.0.3"
    "@solana/rpc-subscriptions": "npm:3.0.3"
    "@solana/rpc-types": "npm:3.0.3"
    "@solana/signers": "npm:3.0.3"
    "@solana/sysvars": "npm:3.0.3"
    "@solana/transaction-confirmation": "npm:3.0.3"
    "@solana/transaction-messages": "npm:3.0.3"
    "@solana/transactions": "npm:3.0.3"
  peerDependencies:
    typescript: ">=5.3.3"
  checksum: 10c0/6b1f65462d2d7e4cc662a0361aedb3c019f7e54eb2d9b9bd52853f1c25f630ff0f4e3740ba2db3c3779ba556c2ce4c51e774625344f0842e14e30a6092b2444a
  languageName: node
  linkType: hard

"@solana/nominal-types@npm:3.0.3":
  version: 3.0.3
  resolution: "@solana/nominal-types@npm:3.0.3"
  peerDependencies:
    typescript: ">=5.3.3"
  checksum: 10c0/3e13122d548d1c24de785da85eeec0863a4fd9f929295740db73761a9463ef8a8d8857efc42660359c687172b0df3f1eed514cf4425de2ebb4c7e8b17d24c19a
  languageName: node
  linkType: hard

"@solana/options@npm:3.0.3":
  version: 3.0.3
  resolution: "@solana/options@npm:3.0.3"
  dependencies:
    "@solana/codecs-core": "npm:3.0.3"
    "@solana/codecs-data-structures": "npm:3.0.3"
    "@solana/codecs-numbers": "npm:3.0.3"
    "@solana/codecs-strings": "npm:3.0.3"
    "@solana/errors": "npm:3.0.3"
  peerDependencies:
    typescript: ">=5.3.3"
  checksum: 10c0/3c3968c3fb2359f4844fdf8d9ac2813c86605fb53b7889084de9709ad25bb8298d37c404eb93b40912a7bf33436cc19bb44e02f827ec34d40f40b5fe5d6fdd70
  languageName: node
  linkType: hard

"@solana/programs@npm:3.0.3":
  version: 3.0.3
  resolution: "@solana/programs@npm:3.0.3"
  dependencies:
    "@solana/addresses": "npm:3.0.3"
    "@solana/errors": "npm:3.0.3"
  peerDependencies:
    typescript: ">=5.3.3"
  checksum: 10c0/7e9089c34453da4848e54152e6dfd3cfd0426feee524e29afa782ada43d402cb2e5f1e29f14960b69c6b2f78b702d7d3da78a6adfa763212de7e9123245cfbac
  languageName: node
  linkType: hard

"@solana/promises@npm:3.0.3":
  version: 3.0.3
  resolution: "@solana/promises@npm:3.0.3"
  peerDependencies:
    typescript: ">=5.3.3"
  checksum: 10c0/9880b6d871fbaa78fd64d6ed6176daed0ad101d238fc9e487a63e32418cbe9a477962a4578b1c02f4b701a7a7f4ebbdeb608cd39de8482ea02ddf5b648377e0b
  languageName: node
  linkType: hard

"@solana/rpc-api@npm:3.0.3":
  version: 3.0.3
  resolution: "@solana/rpc-api@npm:3.0.3"
  dependencies:
    "@solana/addresses": "npm:3.0.3"
    "@solana/codecs-core": "npm:3.0.3"
    "@solana/codecs-strings": "npm:3.0.3"
    "@solana/errors": "npm:3.0.3"
    "@solana/keys": "npm:3.0.3"
    "@solana/rpc-parsed-types": "npm:3.0.3"
    "@solana/rpc-spec": "npm:3.0.3"
    "@solana/rpc-transformers": "npm:3.0.3"
    "@solana/rpc-types": "npm:3.0.3"
    "@solana/transaction-messages": "npm:3.0.3"
    "@solana/transactions": "npm:3.0.3"
  peerDependencies:
    typescript: ">=5.3.3"
  checksum: 10c0/736974768d5c3268878fca79fd50e00b08db7ee5cc20c278f155526aad56d57ea01b400a50ecb7cb8ee05bff5087a40b9d755cf6a6a75e5ac0caae1f2136078f
  languageName: node
  linkType: hard

"@solana/rpc-parsed-types@npm:3.0.3":
  version: 3.0.3
  resolution: "@solana/rpc-parsed-types@npm:3.0.3"
  peerDependencies:
    typescript: ">=5.3.3"
  checksum: 10c0/f04aa59afe831f42a8e560daeec9ab24c54bf9aa8751415ba9b42f4c05da445a267a98c11f605fdb3e7462a0cb7dfb7e8bf8ded0a45886d9fe1a6a8c67351f4c
  languageName: node
  linkType: hard

"@solana/rpc-spec-types@npm:3.0.3":
  version: 3.0.3
  resolution: "@solana/rpc-spec-types@npm:3.0.3"
  peerDependencies:
    typescript: ">=5.3.3"
  checksum: 10c0/0d5aee449c97b7dbf131554a1c9fa58bc9ff4bfbc18051429ae09bff0bbfe6c4d45acd23cffe8a4a721b9ed1ad6aaddeee8f0de2418011d61414bee0803bf00a
  languageName: node
  linkType: hard

"@solana/rpc-spec@npm:3.0.3":
  version: 3.0.3
  resolution: "@solana/rpc-spec@npm:3.0.3"
  dependencies:
    "@solana/errors": "npm:3.0.3"
    "@solana/rpc-spec-types": "npm:3.0.3"
  peerDependencies:
    typescript: ">=5.3.3"
  checksum: 10c0/2f0148b8c120bf660e7013371eb56843fd3442f87b332b5e18d2a8be82268d06f1a3f6de232572878b333e47a9e8592ab934f4bc19560dc5e0331fe00d8be515
  languageName: node
  linkType: hard

"@solana/rpc-subscriptions-api@npm:3.0.3":
  version: 3.0.3
  resolution: "@solana/rpc-subscriptions-api@npm:3.0.3"
  dependencies:
    "@solana/addresses": "npm:3.0.3"
    "@solana/keys": "npm:3.0.3"
    "@solana/rpc-subscriptions-spec": "npm:3.0.3"
    "@solana/rpc-transformers": "npm:3.0.3"
    "@solana/rpc-types": "npm:3.0.3"
    "@solana/transaction-messages": "npm:3.0.3"
    "@solana/transactions": "npm:3.0.3"
  peerDependencies:
    typescript: ">=5.3.3"
  checksum: 10c0/f6c86a659c998df4d085543487cd15e716723b8f9dcc875341687c6e26f8206b9c05ac10dbf3189d0ca76faf922ce498d5869b44120b5ffb79958452692746b6
  languageName: node
  linkType: hard

"@solana/rpc-subscriptions-channel-websocket@npm:3.0.3":
  version: 3.0.3
  resolution: "@solana/rpc-subscriptions-channel-websocket@npm:3.0.3"
  dependencies:
    "@solana/errors": "npm:3.0.3"
    "@solana/functional": "npm:3.0.3"
    "@solana/rpc-subscriptions-spec": "npm:3.0.3"
    "@solana/subscribable": "npm:3.0.3"
  peerDependencies:
    typescript: ">=5.3.3"
    ws: ^8.18.0
  checksum: 10c0/d78b932d7d409d0560d8fce0fbcdfbc98e02a80135636a94137c2003c7af7a34c1d944eb214b311069617a71412cf83996bd20c4b1ea4ce02dfcff97678b78bb
  languageName: node
  linkType: hard

"@solana/rpc-subscriptions-spec@npm:3.0.3":
  version: 3.0.3
  resolution: "@solana/rpc-subscriptions-spec@npm:3.0.3"
  dependencies:
    "@solana/errors": "npm:3.0.3"
    "@solana/promises": "npm:3.0.3"
    "@solana/rpc-spec-types": "npm:3.0.3"
    "@solana/subscribable": "npm:3.0.3"
  peerDependencies:
    typescript: ">=5.3.3"
  checksum: 10c0/54f6f0873e3b0842959d500baa6d1751cef9611633457257874630a3a9f9f2e5fd66f54527a3bc37a4cd9dad210a47cc110bafb4909e857aa94d4138803601ad
  languageName: node
  linkType: hard

"@solana/rpc-subscriptions@npm:3.0.3":
  version: 3.0.3
  resolution: "@solana/rpc-subscriptions@npm:3.0.3"
  dependencies:
    "@solana/errors": "npm:3.0.3"
    "@solana/fast-stable-stringify": "npm:3.0.3"
    "@solana/functional": "npm:3.0.3"
    "@solana/promises": "npm:3.0.3"
    "@solana/rpc-spec-types": "npm:3.0.3"
    "@solana/rpc-subscriptions-api": "npm:3.0.3"
    "@solana/rpc-subscriptions-channel-websocket": "npm:3.0.3"
    "@solana/rpc-subscriptions-spec": "npm:3.0.3"
    "@solana/rpc-transformers": "npm:3.0.3"
    "@solana/rpc-types": "npm:3.0.3"
    "@solana/subscribable": "npm:3.0.3"
  peerDependencies:
    typescript: ">=5.3.3"
  checksum: 10c0/7480f77f04c35fa8d93eb42d30b268d9e69594e88245f73c8e2f9f22294e4bd199b8aa6258312a8aa0cbeedaf2aa38df1342034f85aa9236dca120454f0d2fac
  languageName: node
  linkType: hard

"@solana/rpc-transformers@npm:3.0.3":
  version: 3.0.3
  resolution: "@solana/rpc-transformers@npm:3.0.3"
  dependencies:
    "@solana/errors": "npm:3.0.3"
    "@solana/functional": "npm:3.0.3"
    "@solana/nominal-types": "npm:3.0.3"
    "@solana/rpc-spec-types": "npm:3.0.3"
    "@solana/rpc-types": "npm:3.0.3"
  peerDependencies:
    typescript: ">=5.3.3"
  checksum: 10c0/834250183dcc8a31b0d39cf3d1d10d22193e5d16ce7e033c142e46cdf8e2d0d105ccfd4826d1fae7e741ab463ae142381c0cbbed8b2bfa6df4e421a88d54dd20
  languageName: node
  linkType: hard

"@solana/rpc-transport-http@npm:3.0.3":
  version: 3.0.3
  resolution: "@solana/rpc-transport-http@npm:3.0.3"
  dependencies:
    "@solana/errors": "npm:3.0.3"
    "@solana/rpc-spec": "npm:3.0.3"
    "@solana/rpc-spec-types": "npm:3.0.3"
    undici-types: "npm:^7.15.0"
  peerDependencies:
    typescript: ">=5.3.3"
  checksum: 10c0/69480caead92312669ef5ad30e3cdac0a5a3de3b0865afb1bc39a33e289c1f3280a2c72f151ac9d338fda235ab1b81fd39535877dae9cd4978c0c4e0066ef6e4
  languageName: node
  linkType: hard

"@solana/rpc-types@npm:3.0.3":
  version: 3.0.3
  resolution: "@solana/rpc-types@npm:3.0.3"
  dependencies:
    "@solana/addresses": "npm:3.0.3"
    "@solana/codecs-core": "npm:3.0.3"
    "@solana/codecs-numbers": "npm:3.0.3"
    "@solana/codecs-strings": "npm:3.0.3"
    "@solana/errors": "npm:3.0.3"
    "@solana/nominal-types": "npm:3.0.3"
  peerDependencies:
    typescript: ">=5.3.3"
  checksum: 10c0/bbc58bd2e3d171b3090a8a05e861b7e0d78eca25b7937fdb5813f5fcc421810145bd12b0b32dca20c358a77dc57bcf5de7d09c081d21f32b69036ffa336a6420
  languageName: node
  linkType: hard

"@solana/rpc@npm:3.0.3":
  version: 3.0.3
  resolution: "@solana/rpc@npm:3.0.3"
  dependencies:
    "@solana/errors": "npm:3.0.3"
    "@solana/fast-stable-stringify": "npm:3.0.3"
    "@solana/functional": "npm:3.0.3"
    "@solana/rpc-api": "npm:3.0.3"
    "@solana/rpc-spec": "npm:3.0.3"
    "@solana/rpc-spec-types": "npm:3.0.3"
    "@solana/rpc-transformers": "npm:3.0.3"
    "@solana/rpc-transport-http": "npm:3.0.3"
    "@solana/rpc-types": "npm:3.0.3"
  peerDependencies:
    typescript: ">=5.3.3"
  checksum: 10c0/f37587cde420aace1ecd520e3f429357a039d33699b5a0c61a826b34b4c181372fbabfc692042b9f8fc54e9284c0ef85c90cc35dc88a204f5353e77346e97ebc
  languageName: node
  linkType: hard

"@solana/signers@npm:3.0.3":
  version: 3.0.3
  resolution: "@solana/signers@npm:3.0.3"
  dependencies:
    "@solana/addresses": "npm:3.0.3"
    "@solana/codecs-core": "npm:3.0.3"
    "@solana/errors": "npm:3.0.3"
    "@solana/instructions": "npm:3.0.3"
    "@solana/keys": "npm:3.0.3"
    "@solana/nominal-types": "npm:3.0.3"
    "@solana/transaction-messages": "npm:3.0.3"
    "@solana/transactions": "npm:3.0.3"
  peerDependencies:
    typescript: ">=5.3.3"
  checksum: 10c0/cd97d0039c389c27c4c6c805ecd160c119df1d561cc1b40cb692c979275590c4377ee8a9a5d704cf9c9979464d604cab394c95c896b52cbb2611cdf873a8032d
  languageName: node
  linkType: hard

"@solana/subscribable@npm:3.0.3":
  version: 3.0.3
  resolution: "@solana/subscribable@npm:3.0.3"
  dependencies:
    "@solana/errors": "npm:3.0.3"
  peerDependencies:
    typescript: ">=5.3.3"
  checksum: 10c0/b17304bc00bcc65ec8e5c3a6fd30d88b1c5a31a517cba891974cdc8dd9c524950836259234ed57c5b8c9bfda0ed476215fe55ef63cfe9470697dfd5b2621b7fe
  languageName: node
  linkType: hard

"@solana/sysvars@npm:3.0.3":
  version: 3.0.3
  resolution: "@solana/sysvars@npm:3.0.3"
  dependencies:
    "@solana/accounts": "npm:3.0.3"
    "@solana/codecs": "npm:3.0.3"
    "@solana/errors": "npm:3.0.3"
    "@solana/rpc-types": "npm:3.0.3"
  peerDependencies:
    typescript: ">=5.3.3"
  checksum: 10c0/901e4cf02d5cecbe57da3a56905a84b55d0fd64cd76d462cca3a85309a584c18f08b69a43c1ab0a36f50766e196b6b59220ec43f5b546e97832ba02960a01c08
  languageName: node
  linkType: hard

"@solana/transaction-confirmation@npm:3.0.3":
  version: 3.0.3
  resolution: "@solana/transaction-confirmation@npm:3.0.3"
  dependencies:
    "@solana/addresses": "npm:3.0.3"
    "@solana/codecs-strings": "npm:3.0.3"
    "@solana/errors": "npm:3.0.3"
    "@solana/keys": "npm:3.0.3"
    "@solana/promises": "npm:3.0.3"
    "@solana/rpc": "npm:3.0.3"
    "@solana/rpc-subscriptions": "npm:3.0.3"
    "@solana/rpc-types": "npm:3.0.3"
    "@solana/transaction-messages": "npm:3.0.3"
    "@solana/transactions": "npm:3.0.3"
  peerDependencies:
    typescript: ">=5.3.3"
  checksum: 10c0/f14669975bd32af196fa0a13da219d4dec79459f486cd474125e886edcff89962572019b8c0dccdaad65940885b7f3d57b6b6c6994ca5a081becd98318a1295e
  languageName: node
  linkType: hard

"@solana/transaction-messages@npm:3.0.3":
  version: 3.0.3
  resolution: "@solana/transaction-messages@npm:3.0.3"
  dependencies:
    "@solana/addresses": "npm:3.0.3"
    "@solana/codecs-core": "npm:3.0.3"
    "@solana/codecs-data-structures": "npm:3.0.3"
    "@solana/codecs-numbers": "npm:3.0.3"
    "@solana/errors": "npm:3.0.3"
    "@solana/functional": "npm:3.0.3"
    "@solana/instructions": "npm:3.0.3"
    "@solana/nominal-types": "npm:3.0.3"
    "@solana/rpc-types": "npm:3.0.3"
  peerDependencies:
    typescript: ">=5.3.3"
  checksum: 10c0/2a5c765bf50bf05c598a2f40e3c9596de26950fedad8d1f6488d4b094ff3dc7bc1170a0a5c8f052ed4fb7723bb879ad65329e5e93c2b2f64a89c94f49fbdf44d
  languageName: node
  linkType: hard

"@solana/transactions@npm:3.0.3":
  version: 3.0.3
  resolution: "@solana/transactions@npm:3.0.3"
  dependencies:
    "@solana/addresses": "npm:3.0.3"
    "@solana/codecs-core": "npm:3.0.3"
    "@solana/codecs-data-structures": "npm:3.0.3"
    "@solana/codecs-numbers": "npm:3.0.3"
    "@solana/codecs-strings": "npm:3.0.3"
    "@solana/errors": "npm:3.0.3"
    "@solana/functional": "npm:3.0.3"
    "@solana/instructions": "npm:3.0.3"
    "@solana/keys": "npm:3.0.3"
    "@solana/nominal-types": "npm:3.0.3"
    "@solana/rpc-types": "npm:3.0.3"
    "@solana/transaction-messages": "npm:3.0.3"
  peerDependencies:
    typescript: ">=5.3.3"
  checksum: 10c0/a376f746ed6696aa40eafa0dd9fdc0e4b2a06a945ee05f13044f133a9225bc29b5398580f7f38af904c9396c101449fa86adbf03899fe9a7bff6f1e8b14a3d52
  languageName: node
  linkType: hard

"@types/node@npm:^24.6.0":
  version: 24.6.0
  resolution: "@types/node@npm:24.6.0"
  dependencies:
    undici-types: "npm:~7.13.0"
  checksum: 10c0/06f1aa1b5d9a8c26285b34c25aee554f31a1dc0b39627cc14e7c1c6967e75a47ab9f409eee14796cbcc004ae4059fa884cb6092ecfb368c9656d16686d7cc9d8
  languageName: node
  linkType: hard

"airdrop@workspace:.":
  version: 0.0.0-use.local
  resolution: "airdrop@workspace:."
  dependencies:
    "@solana-program/system": "npm:^0.8.0"
    "@solana/kit": "npm:^3.0.3"
    "@types/node": "npm:^24.6.0"
    bs58: "npm:^6.0.0"
    typescript: "npm:^5.9.2"
    ws: "npm:^8.18.3"
  languageName: unknown
  linkType: soft

"base-x@npm:^5.0.0":
  version: 5.0.1
  resolution: "base-x@npm:5.0.1"
  checksum: 10c0/4ab6b02262b4fd499b147656f63ce7328bd5f895450401ce58a2f9e87828aea507cf0c320a6d8725389f86e8a48397562661c0bca28ef3276a22821b30f7a713
  languageName: node
  linkType: hard

"bs58@npm:^6.0.0":
  version: 6.0.0
  resolution: "bs58@npm:6.0.0"
  dependencies:
    base-x: "npm:^5.0.0"
  checksum: 10c0/61910839746625ee4f69369f80e2634e2123726caaa1da6b3bcefcf7efcd9bdca86603360fed9664ffdabe0038c51e542c02581c72ca8d44f60329fe1a6bc8f4
  languageName: node
  linkType: hard

"chalk@npm:5.6.2":
  version: 5.6.2
  resolution: "chalk@npm:5.6.2"
  checksum: 10c0/99a4b0f0e7991796b1e7e3f52dceb9137cae2a9dfc8fc0784a550dc4c558e15ab32ed70b14b21b52beb2679b4892b41a0aa44249bcb996f01e125d58477c6976
  languageName: node
  linkType: hard

"commander@npm:14.0.0":
  version: 14.0.0
  resolution: "commander@npm:14.0.0"
  checksum: 10c0/73c4babfa558077868d84522b11ef56834165d472b9e86a634cd4c3ae7fc72d59af6377d8878e06bd570fe8f3161eced3cbe383c38f7093272bb65bd242b595b
  languageName: node
  linkType: hard

"typescript@npm:^5.9.2":
  version: 5.9.2
  resolution: "typescript@npm:5.9.2"
  bin:
    tsc: bin/tsc
    tsserver: bin/tsserver
  checksum: 10c0/cd635d50f02d6cf98ed42de2f76289701c1ec587a363369255f01ed15aaf22be0813226bff3c53e99d971f9b540e0b3cc7583dbe05faded49b1b0bed2f638a18
  languageName: node
  linkType: hard

"typescript@patch:typescript@npm%3A^5.9.2#optional!builtin<compat/typescript>":
  version: 5.9.2
  resolution: "typescript@patch:typescript@npm%3A5.9.2#optional!builtin<compat/typescript>::version=5.9.2&hash=5786d5"
  bin:
    tsc: bin/tsc
    tsserver: bin/tsserver
  checksum: 10c0/34d2a8e23eb8e0d1875072064d5e1d9c102e0bdce56a10a25c0b917b8aa9001a9cf5c225df12497e99da107dc379360bc138163c66b55b95f5b105b50578067e
  languageName: node
  linkType: hard

"undici-types@npm:^7.15.0":
  version: 7.16.0
  resolution: "undici-types@npm:7.16.0"
  checksum: 10c0/3033e2f2b5c9f1504bdc5934646cb54e37ecaca0f9249c983f7b1fc2e87c6d18399ebb05dc7fd5419e02b2e915f734d872a65da2e3eeed1813951c427d33cc9a
  languageName: node
  linkType: hard

"undici-types@npm:~7.13.0":
  version: 7.13.0
  resolution: "undici-types@npm:7.13.0"
  checksum: 10c0/44bbb0935425291351bfd8039571f017295b5d6dc5727045d0a4fea8c6ffe73a6703b48ce010f9cb539b9041a75b463f8cfe1e7309cab7486452505fb0d66151
  languageName: node
  linkType: hard

"ws@npm:^8.18.3":
  version: 8.18.3
  resolution: "ws@npm:8.18.3"
  peerDependencies:
    bufferutil: ^4.0.1
    utf-8-validate: ">=5.0.2"
  peerDependenciesMeta:
    bufferutil:
      optional: true
    utf-8-validate:
      optional: true
  checksum: 10c0/eac918213de265ef7cb3d4ca348b891a51a520d839aa51cdb8ca93d4fa7ff9f6ccb339ccee89e4075324097f0a55157c89fa3f7147bde9d8d7e90335dc087b53
  languageName: node
  linkType: hard
